
Microsoft Visual Studio Solution File, Format Version 12.00
# Visual Studio 15
VisualStudioVersion = 15.0.28010.2048
MinimumVisualStudioVersion = 10.0.40219.1
Project("{FAE04EC0-301F-11D3-BF4B-00C04F79EFBC}") = "dbms mini pro", "dbms mini pro\dbms mini pro.csproj", "{8956D0C9-B8A9-42F1-B738-3C5F517E45D1}"
EndProject
Global
	GlobalSection(SolutionConfigurationPlatforms) = preSolution
		Debug|Any CPU = Debug|Any CPU
		Release|Any CPU = Release|Any CPU
	EndGlobalSection
	GlobalSection(ProjectConfigurationPlatforms) = postSolution
		{8956D0C9-B8A9-42F1-B738-3C5F517E45D1}.Debug|Any CPU.ActiveCfg = Debug|Any CPU
		{8956D0C9-B8A9-42F1-B738-3C5F517E45D1}.Debug|Any CPU.Build.0 = Debug|Any CPU
		{8956D0C9-B8A9-42F1-B738-3C5F517E45D1}.Release|Any CPU.ActiveCfg = Release|Any CPU
		{8956D0C9-B8A9-42F1-B738-3C5F517E45D1}.Release|Any CPU.Build.0 = Release|Any CPU
	EndGlobalSection
	GlobalSection(SolutionProperties) = preSolution
		HideSolutionNode = FALSE
	EndGlobalSection
	GlobalSection(ExtensibilityGlobals) = postSolution
		SolutionGuid = {600E58D7-24AD-4FBC-BBC3-A7CD1D18266E}
	EndGlobalSection
EndGlobal
